
Microsoft Visual Studio Solution File, Format Version 12.00
# Visual Studio Version 17
VisualStudioVersion = 17.10.35122.118
MinimumVisualStudioVersion = 10.0.40219.1
Project("{FAE04EC0-301F-11D3-BF4B-00C04F79EFBC}") = "TodoList", "TodoList.csproj", "{96D735C2-548D-4DAA-9466-7D54D992A473}"
EndProject
Global
	GlobalSection(SolutionConfigurationPlatforms) = preSolution
		Debug|Any CPU = Debug|Any CPU
		Release|Any CPU = Release|Any CPU
	EndGlobalSection
	GlobalSection(ProjectConfigurationPlatforms) = postSolution
		{96D735C2-548D-4DAA-9466-7D54D992A473}.Debug|Any CPU.ActiveCfg = Debug|Any CPU
		{96D735C2-548D-4DAA-9466-7D54D992A473}.Debug|Any CPU.Build.0 = Debug|Any CPU
		{96D735C2-548D-4DAA-9466-7D54D992A473}.Debug|Any CPU.Deploy.0 = Debug|Any CPU
		{96D735C2-548D-4DAA-9466-7D54D992A473}.Release|Any CPU.ActiveCfg = Release|Any CPU
		{96D735C2-548D-4DAA-9466-7D54D992A473}.Release|Any CPU.Build.0 = Release|Any CPU
		{96D735C2-548D-4DAA-9466-7D54D992A473}.Release|Any CPU.Deploy.0 = Release|Any CPU
	EndGlobalSection
	GlobalSection(SolutionProperties) = preSolution
		HideSolutionNode = FALSE
	EndGlobalSection
	GlobalSection(ExtensibilityGlobals) = postSolution
		SolutionGuid = {08A8F3C2-DF47-4B27-9C4F-5F519E07C340}
	EndGlobalSection
EndGlobal
